
Microsoft Visual Studio Solution File, Format Version 12.00
# Visual Studio Version 17
VisualStudioVersion = 17.6.33829.357
MinimumVisualStudioVersion = 10.0.40219.1
Project("{FAE04EC0-301F-11D3-BF4B-00C04F79EFBC}") = "samplesite", "samplesite\samplesite.csproj", "{A87F9045-DDD5-43CB-BA8F-A9832031B5FC}"
EndProject
Global
	GlobalSection(SolutionConfigurationPlatforms) = preSolution
		Debug|Any CPU = Debug|Any CPU
		Release|Any CPU = Release|Any CPU
	EndGlobalSection
	GlobalSection(ProjectConfigurationPlatforms) = postSolution
		{A87F9045-DDD5-43CB-BA8F-A9832031B5FC}.Debug|Any CPU.ActiveCfg = Debug|Any CPU
		{A87F9045-DDD5-43CB-BA8F-A9832031B5FC}.Debug|Any CPU.Build.0 = Debug|Any CPU
		{A87F9045-DDD5-43CB-BA8F-A9832031B5FC}.Release|Any CPU.ActiveCfg = Release|Any CPU
		{A87F9045-DDD5-43CB-BA8F-A9832031B5FC}.Release|Any CPU.Build.0 = Release|Any CPU
	EndGlobalSection
	GlobalSection(SolutionProperties) = preSolution
		HideSolutionNode = FALSE
	EndGlobalSection
	GlobalSection(ExtensibilityGlobals) = postSolution
		SolutionGuid = {F740D9F8-D339-4A36-A54F-6342CB60AE21}
	EndGlobalSection
EndGlobal
